
Microsoft Visual Studio Solution File, Format Version 12.00
# Visual Studio 15
VisualStudioVersion = 15.0.27130.2010
MinimumVisualStudioVersion = 10.0.40219.1
Project("{FAE04EC0-301F-11D3-BF4B-00C04F79EFBC}") = "Drumz.Common.Mono", "Drumz.Common\Src\Drumz.Common.Mono.csproj", "{350A6D1C-96E8-4D00-BEE0-959C6F89E6D7}"
EndProject
Project("{FAE04EC0-301F-11D3-BF4B-00C04F79EFBC}") = "Drumz.UI.Mono", "Drumz.UI\Src\Drumz.UI.Mono.csproj", "{AE41A412-22B7-414F-AA10-E700312E3FB6}"
EndProject
Project("{FAE04EC0-301F-11D3-BF4B-00C04F79EFBC}") = "DrumTrainer.UI.Mono", "DrumTrainer.UI.Mono\DrumTrainer.UI.Mono.csproj", "{6A245709-C075-4F85-8E9A-26C1035FDC49}"
EndProject
Global
	GlobalSection(SolutionConfigurationPlatforms) = preSolution
		Debug|Any CPU = Debug|Any CPU
		Release|Any CPU = Release|Any CPU
	EndGlobalSection
	GlobalSection(ProjectConfigurationPlatforms) = postSolution
		{350A6D1C-96E8-4D00-BEE0-959C6F89E6D7}.Debug|Any CPU.ActiveCfg = Debug|Any CPU
		{350A6D1C-96E8-4D00-BEE0-959C6F89E6D7}.Debug|Any CPU.Build.0 = Debug|Any CPU
		{350A6D1C-96E8-4D00-BEE0-959C6F89E6D7}.Release|Any CPU.ActiveCfg = Release|Any CPU
		{350A6D1C-96E8-4D00-BEE0-959C6F89E6D7}.Release|Any CPU.Build.0 = Release|Any CPU
		{AE41A412-22B7-414F-AA10-E700312E3FB6}.Debug|Any CPU.ActiveCfg = Debug|Any CPU
		{AE41A412-22B7-414F-AA10-E700312E3FB6}.Debug|Any CPU.Build.0 = Debug|Any CPU
		{AE41A412-22B7-414F-AA10-E700312E3FB6}.Release|Any CPU.ActiveCfg = Release|Any CPU
		{AE41A412-22B7-414F-AA10-E700312E3FB6}.Release|Any CPU.Build.0 = Release|Any CPU
		{6A245709-C075-4F85-8E9A-26C1035FDC49}.Debug|Any CPU.ActiveCfg = Debug|Any CPU
		{6A245709-C075-4F85-8E9A-26C1035FDC49}.Debug|Any CPU.Build.0 = Debug|Any CPU
		{6A245709-C075-4F85-8E9A-26C1035FDC49}.Release|Any CPU.ActiveCfg = Release|Any CPU
		{6A245709-C075-4F85-8E9A-26C1035FDC49}.Release|Any CPU.Build.0 = Release|Any CPU
	EndGlobalSection
	GlobalSection(SolutionProperties) = preSolution
		HideSolutionNode = FALSE
	EndGlobalSection
	GlobalSection(ExtensibilityGlobals) = postSolution
		SolutionGuid = {EFAA1ECD-A297-4857-A55A-85BF38B37D36}
	EndGlobalSection
EndGlobal
